// !$*UTF8*$!
{
	archiveVersion = 1;
	classes = {
	};
	objectVersion = 55;
	objects = {

/* Begin PBXBuildFile section */
		DAE87BC9283CAB62004A5301 /* AppDelegate.swift in Sources */ = {isa = PBXBuildFile; fileRef = DAE87BC8283CAB62004A5301 /* AppDelegate.swift */; };
		DAE87BCB283CAB62004A5301 /* SceneDelegate.swift in Sources */ = {isa = PBXBuildFile; fileRef = DAE87BCA283CAB62004A5301 /* SceneDelegate.swift */; };
		DAE87BCD283CAB62004A5301 /* ViewController.swift in Sources */ = {isa = PBXBuildFile; fileRef = DAE87BCC283CAB62004A5301 /* ViewController.swift */; };
		DAE87BD0283CAB62004A5301 /* Main.storyboard in Resources */ = {isa = PBXBuildFile; fileRef = DAE87BCE283CAB62004A5301 /* Main.storyboard */; };
		DAE87BD2283CAB64004A5301 /* Assets.xcassets in Resources */ = {isa = PBXBuildFile; fileRef = DAE87BD1283CAB64004A5301 /* Assets.xcassets */; };
		DAE87BD5283CAB64004A5301 /* LaunchScreen.storyboard in Resources */ = {isa = PBXBuildFile; fileRef = DAE87BD3283CAB64004A5301 /* LaunchScreen.storyboard */; };
		DAE87BED283CB7CE004A5301 /* Quicksand-Regular.ttf in Resources */ = {isa = PBXBuildFile; fileRef = DAE87BEB283CB7A4004A5301 /* Quicksand-Regular.ttf */; };
		DAE87BEE283CB7D1004A5301 /* Quicksand-SemiBold.ttf in Resources */ = {isa = PBXBuildFile; fileRef = DAE87BEC283CB7AB004A5301 /* Quicksand-SemiBold.ttf */; };
		DAE87BEF283CB7D3004A5301 /* Quicksand-Medium.ttf in Resources */ = {isa = PBXBuildFile; fileRef = DAE87BEA283CB799004A5301 /* Quicksand-Medium.ttf */; };
		DAE87BF0283CB7D6004A5301 /* Quicksand-Light.ttf in Resources */ = {isa = PBXBuildFile; fileRef = DAE87BE9283CB78E004A5301 /* Quicksand-Light.ttf */; };
		DAE87BF1283CB7D9004A5301 /* Quicksand-Bold.ttf in Resources */ = {isa = PBXBuildFile; fileRef = DAE87BE8283CB77B004A5301 /* Quicksand-Bold.ttf */; };
		DAE87BF4283CE4C0004A5301 /* RecentMomentCollectionViewCell.swift in Sources */ = {isa = PBXBuildFile; fileRef = DAE87BF2283CE4C0004A5301 /* RecentMomentCollectionViewCell.swift */; };
		DAE87BF5283CE4C0004A5301 /* RecentMomentCollectionViewCell.xib in Resources */ = {isa = PBXBuildFile; fileRef = DAE87BF3283CE4C0004A5301 /* RecentMomentCollectionViewCell.xib */; };
		DAE87BF8283CEF85004A5301 /* ContactCollectionViewCell.swift in Sources */ = {isa = PBXBuildFile; fileRef = DAE87BF6283CEF85004A5301 /* ContactCollectionViewCell.swift */; };
		DAE87BF9283CEF85004A5301 /* ContactCollectionViewCell.xib in Resources */ = {isa = PBXBuildFile; fileRef = DAE87BF7283CEF85004A5301 /* ContactCollectionViewCell.xib */; };
		DAE87C06283E04FA004A5301 /* MomentViewController.swift in Sources */ = {isa = PBXBuildFile; fileRef = DAE87C05283E04FA004A5301 /* MomentViewController.swift */; };
		DAE87C09283E294A004A5301 /* CustomDateCollectionViewCell.swift in Sources */ = {isa = PBXBuildFile; fileRef = DAE87C07283E294A004A5301 /* CustomDateCollectionViewCell.swift */; };
		DAE87C0A283E294A004A5301 /* CustomDateCollectionViewCell.xib in Resources */ = {isa = PBXBuildFile; fileRef = DAE87C08283E294A004A5301 /* CustomDateCollectionViewCell.xib */; };
		DAE87C0C283E2C19004A5301 /* customCalenderData.swift in Sources */ = {isa = PBXBuildFile; fileRef = DAE87C0B283E2C19004A5301 /* customCalenderData.swift */; };
		DAE87C0F283E50B7004A5301 /* MomentCollectionViewCell.swift in Sources */ = {isa = PBXBuildFile; fileRef = DAE87C0D283E50B7004A5301 /* MomentCollectionViewCell.swift */; };
		DAE87C10283E50B7004A5301 /* MomentCollectionViewCell.xib in Resources */ = {isa = PBXBuildFile; fileRef = DAE87C0E283E50B7004A5301 /* MomentCollectionViewCell.xib */; };
		DAE87C13283E6406004A5301 /* AddMomentCollectionViewCell.swift in Sources */ = {isa = PBXBuildFile; fileRef = DAE87C11283E6405004A5301 /* AddMomentCollectionViewCell.swift */; };
		DAE87C14283E6406004A5301 /* AddMomentCollectionViewCell.xib in Resources */ = {isa = PBXBuildFile; fileRef = DAE87C12283E6405004A5301 /* AddMomentCollectionViewCell.xib */; };
/* End PBXBuildFile section */

/* Begin PBXFileReference section */
		DAE87BC5283CAB62004A5301 /* tobu.app */ = {isa = PBXFileReference; explicitFileType = wrapper.application; includeInIndex = 0; path = tobu.app; sourceTree = BUILT_PRODUCTS_DIR; };
		DAE87BC8283CAB62004A5301 /* AppDelegate.swift */ = {isa = PBXFileReference; lastKnownFileType = sourcecode.swift; path = AppDelegate.swift; sourceTree = "<group>"; };
		DAE87BCA283CAB62004A5301 /* SceneDelegate.swift */ = {isa = PBXFileReference; lastKnownFileType = sourcecode.swift; path = SceneDelegate.swift; sourceTree = "<group>"; };
		DAE87BCC283CAB62004A5301 /* ViewController.swift */ = {isa = PBXFileReference; lastKnownFileType = sourcecode.swift; name = ViewController.swift; path = /Users/manukanttyagi/Desktop/tobu/tobu/ViewController.swift; sourceTree = "<absolute>"; };
		DAE87BCF283CAB62004A5301 /* Base */ = {isa = PBXFileReference; lastKnownFileType = file.storyboard; name = Base; path = Base.lproj/Main.storyboard; sourceTree = "<group>"; };
		DAE87BD1283CAB64004A5301 /* Assets.xcassets */ = {isa = PBXFileReference; lastKnownFileType = folder.assetcatalog; path = Assets.xcassets; sourceTree = "<group>"; };
		DAE87BD4283CAB64004A5301 /* Base */ = {isa = PBXFileReference; lastKnownFileType = file.storyboard; name = Base; path = Base.lproj/LaunchScreen.storyboard; sourceTree = "<group>"; };
		DAE87BD6283CAB64004A5301 /* Info.plist */ = {isa = PBXFileReference; lastKnownFileType = text.plist.xml; path = Info.plist; sourceTree = "<group>"; };
		DAE87BE8283CB77B004A5301 /* Quicksand-Bold.ttf */ = {isa = PBXFileReference; lastKnownFileType = file; path = "Quicksand-Bold.ttf"; sourceTree = "<group>"; };
		DAE87BE9283CB78E004A5301 /* Quicksand-Light.ttf */ = {isa = PBXFileReference; lastKnownFileType = file; path = "Quicksand-Light.ttf"; sourceTree = "<group>"; };
		DAE87BEA283CB799004A5301 /* Quicksand-Medium.ttf */ = {isa = PBXFileReference; lastKnownFileType = file; path = "Quicksand-Medium.ttf"; sourceTree = "<group>"; };
		DAE87BEB283CB7A4004A5301 /* Quicksand-Regular.ttf */ = {isa = PBXFileReference; lastKnownFileType = file; path = "Quicksand-Regular.ttf"; sourceTree = "<group>"; };
		DAE87BEC283CB7AB004A5301 /* Quicksand-SemiBold.ttf */ = {isa = PBXFileReference; lastKnownFileType = file; path = "Quicksand-SemiBold.ttf"; sourceTree = "<group>"; };
		DAE87BF2283CE4C0004A5301 /* RecentMomentCollectionViewCell.swift */ = {isa = PBXFileReference; lastKnownFileType = sourcecode.swift; path = RecentMomentCollectionViewCell.swift; sourceTree = "<group>"; };
		DAE87BF3283CE4C0004A5301 /* RecentMomentCollectionViewCell.xib */ = {isa = PBXFileReference; lastKnownFileType = file.xib; path = RecentMomentCollectionViewCell.xib; sourceTree = "<group>"; };
		DAE87BF6283CEF85004A5301 /* ContactCollectionViewCell.swift */ = {isa = PBXFileReference; lastKnownFileType = sourcecode.swift; path = ContactCollectionViewCell.swift; sourceTree = "<group>"; };
		DAE87BF7283CEF85004A5301 /* ContactCollectionViewCell.xib */ = {isa = PBXFileReference; lastKnownFileType = file.xib; path = ContactCollectionViewCell.xib; sourceTree = "<group>"; };
		DAE87C05283E04FA004A5301 /* MomentViewController.swift */ = {isa = PBXFileReference; lastKnownFileType = sourcecode.swift; path = MomentViewController.swift; sourceTree = "<group>"; };
		DAE87C07283E294A004A5301 /* CustomDateCollectionViewCell.swift */ = {isa = PBXFileReference; lastKnownFileType = sourcecode.swift; path = CustomDateCollectionViewCell.swift; sourceTree = "<group>"; };
		DAE87C08283E294A004A5301 /* CustomDateCollectionViewCell.xib */ = {isa = PBXFileReference; lastKnownFileType = file.xib; path = CustomDateCollectionViewCell.xib; sourceTree = "<group>"; };
		DAE87C0B283E2C19004A5301 /* customCalenderData.swift */ = {isa = PBXFileReference; lastKnownFileType = sourcecode.swift; path = customCalenderData.swift; sourceTree = "<group>"; };
		DAE87C0D283E50B7004A5301 /* MomentCollectionViewCell.swift */ = {isa = PBXFileReference; lastKnownFileType = sourcecode.swift; path = MomentCollectionViewCell.swift; sourceTree = "<group>"; };
		DAE87C0E283E50B7004A5301 /* MomentCollectionViewCell.xib */ = {isa = PBXFileReference; lastKnownFileType = file.xib; path = MomentCollectionViewCell.xib; sourceTree = "<group>"; };
		DAE87C11283E6405004A5301 /* AddMomentCollectionViewCell.swift */ = {isa = PBXFileReference; lastKnownFileType = sourcecode.swift; path = AddMomentCollectionViewCell.swift; sourceTree = "<group>"; };
		DAE87C12283E6405004A5301 /* AddMomentCollectionViewCell.xib */ = {isa = PBXFileReference; lastKnownFileType = file.xib; path = AddMomentCollectionViewCell.xib; sourceTree = "<group>"; };
/* End PBXFileReference section */

/* Begin PBXFrameworksBuildPhase section */
		DAE87BC2283CAB62004A5301 /* Frameworks */ = {
			isa = PBXFrameworksBuildPhase;
			buildActionMask = 2147483647;
			files = (
			);
			runOnlyForDeploymentPostprocessing = 0;
		};
/* End PBXFrameworksBuildPhase section */

/* Begin PBXGroup section */
		DAE87BBC283CAB62004A5301 = {
			isa = PBXGroup;
			children = (
				DAE87BC7283CAB62004A5301 /* tobu */,
				DAE87BC6283CAB62004A5301 /* Products */,
			);
			sourceTree = "<group>";
		};
		DAE87BC6283CAB62004A5301 /* Products */ = {
			isa = PBXGroup;
			children = (
				DAE87BC5283CAB62004A5301 /* tobu.app */,
			);
			name = Products;
			sourceTree = "<group>";
		};
		DAE87BC7283CAB62004A5301 /* tobu */ = {
			isa = PBXGroup;
			children = (
				DAE87C00283E0413004A5301 /* MomentViewController */,
				DAE87BFF283DFD14004A5301 /* StoryBoard */,
				DAE87BFE283DFCE8004A5301 /* HelperFiles */,
				DAE87BFA283DFC3C004A5301 /* MainViewController */,
				DAE87BD6283CAB64004A5301 /* Info.plist */,
			);
			path = tobu;
			sourceTree = "<group>";
		};
		DAE87BE7283CB730004A5301 /* QuicksandFonts */ = {
			isa = PBXGroup;
			children = (
				DAE87BEB283CB7A4004A5301 /* Quicksand-Regular.ttf */,
				DAE87BEC283CB7AB004A5301 /* Quicksand-SemiBold.ttf */,
				DAE87BEA283CB799004A5301 /* Quicksand-Medium.ttf */,
				DAE87BE9283CB78E004A5301 /* Quicksand-Light.ttf */,
				DAE87BE8283CB77B004A5301 /* Quicksand-Bold.ttf */,
			);
			path = QuicksandFonts;
			sourceTree = "<group>";
		};
		DAE87BFA283DFC3C004A5301 /* MainViewController */ = {
			isa = PBXGroup;
			children = (
				DAE87BFB283DFC5B004A5301 /* Model */,
				DAE87BFC283DFC77004A5301 /* View */,
				DAE87BFD283DFC9A004A5301 /* Controller */,
			);
			path = MainViewController;
			sourceTree = "<group>";
		};
		DAE87BFB283DFC5B004A5301 /* Model */ = {
			isa = PBXGroup;
			children = (
			);
			path = Model;
			sourceTree = "<group>";
		};
		DAE87BFC283DFC77004A5301 /* View */ = {
			isa = PBXGroup;
			children = (
				DAE87BF7283CEF85004A5301 /* ContactCollectionViewCell.xib */,
				DAE87BF3283CE4C0004A5301 /* RecentMomentCollectionViewCell.xib */,
			);
			path = View;
			sourceTree = "<group>";
		};
		DAE87BFD283DFC9A004A5301 /* Controller */ = {
			isa = PBXGroup;
			children = (
				DAE87BCC283CAB62004A5301 /* ViewController.swift */,
				DAE87BF6283CEF85004A5301 /* ContactCollectionViewCell.swift */,
				DAE87BF2283CE4C0004A5301 /* RecentMomentCollectionViewCell.swift */,
			);
			path = Controller;
			sourceTree = "<group>";
		};
		DAE87BFE283DFCE8004A5301 /* HelperFiles */ = {
			isa = PBXGroup;
			children = (
				DAE87BD1283CAB64004A5301 /* Assets.xcassets */,
				DAE87BE7283CB730004A5301 /* QuicksandFonts */,
				DAE87BC8283CAB62004A5301 /* AppDelegate.swift */,
				DAE87BCA283CAB62004A5301 /* SceneDelegate.swift */,
			);
			path = HelperFiles;
			sourceTree = "<group>";
		};
		DAE87BFF283DFD14004A5301 /* StoryBoard */ = {
			isa = PBXGroup;
			children = (
				DAE87BCE283CAB62004A5301 /* Main.storyboard */,
				DAE87BD3283CAB64004A5301 /* LaunchScreen.storyboard */,
			);
			path = StoryBoard;
			sourceTree = "<group>";
		};
		DAE87C00283E0413004A5301 /* MomentViewController */ = {
			isa = PBXGroup;
			children = (
				DAE87C02283E04AA004A5301 /* Model */,
				DAE87C03283E04B3004A5301 /* View */,
				DAE87C01283E0433004A5301 /* Controller */,
				DAE87C04283E04BF004A5301 /* ViewModel */,
			);
			path = MomentViewController;
			sourceTree = "<group>";
		};
		DAE87C01283E0433004A5301 /* Controller */ = {
			isa = PBXGroup;
			children = (
				DAE87C11283E6405004A5301 /* AddMomentCollectionViewCell.swift */,
				DAE87C0D283E50B7004A5301 /* MomentCollectionViewCell.swift */,
				DAE87C07283E294A004A5301 /* CustomDateCollectionViewCell.swift */,
				DAE87C05283E04FA004A5301 /* MomentViewController.swift */,
			);
			path = Controller;
			sourceTree = "<group>";
		};
		DAE87C02283E04AA004A5301 /* Model */ = {
			isa = PBXGroup;
			children = (
				DAE87C0B283E2C19004A5301 /* customCalenderData.swift */,
			);
			path = Model;
			sourceTree = "<group>";
		};
		DAE87C03283E04B3004A5301 /* View */ = {
			isa = PBXGroup;
			children = (
				DAE87C08283E294A004A5301 /* CustomDateCollectionViewCell.xib */,
				DAE87C0E283E50B7004A5301 /* MomentCollectionViewCell.xib */,
				DAE87C12283E6405004A5301 /* AddMomentCollectionViewCell.xib */,
			);
			path = View;
			sourceTree = "<group>";
		};
		DAE87C04283E04BF004A5301 /* ViewModel */ = {
			isa = PBXGroup;
			children = (
			);
			path = ViewModel;
			sourceTree = "<group>";
		};
/* End PBXGroup section */

/* Begin PBXNativeTarget section */
		DAE87BC4283CAB62004A5301 /* tobu */ = {
			isa = PBXNativeTarget;
			buildConfigurationList = DAE87BD9283CAB64004A5301 /* Build configuration list for PBXNativeTarget "tobu" */;
			buildPhases = (
				DAE87BC1283CAB62004A5301 /* Sources */,
				DAE87BC2283CAB62004A5301 /* Frameworks */,
				DAE87BC3283CAB62004A5301 /* Resources */,
			);
			buildRules = (
			);
			dependencies = (
			);
			name = tobu;
			productName = tobu;
			productReference = DAE87BC5283CAB62004A5301 /* tobu.app */;
			productType = "com.apple.product-type.application";
		};
/* End PBXNativeTarget section */

/* Begin PBXProject section */
		DAE87BBD283CAB62004A5301 /* Project object */ = {
			isa = PBXProject;
			attributes = {
				BuildIndependentTargetsInParallel = 1;
				LastSwiftUpdateCheck = 1330;
				LastUpgradeCheck = 1330;
				TargetAttributes = {
					DAE87BC4283CAB62004A5301 = {
						CreatedOnToolsVersion = 13.3.1;
					};
				};
			};
			buildConfigurationList = DAE87BC0283CAB62004A5301 /* Build configuration list for PBXProject "tobu" */;
			compatibilityVersion = "Xcode 13.0";
			developmentRegion = en;
			hasScannedForEncodings = 0;
			knownRegions = (
				en,
				Base,
			);
			mainGroup = DAE87BBC283CAB62004A5301;
			productRefGroup = DAE87BC6283CAB62004A5301 /* Products */;
			projectDirPath = "";
			projectRoot = "";
			targets = (
				DAE87BC4283CAB62004A5301 /* tobu */,
			);
		};
/* End PBXProject section */

/* Begin PBXResourcesBuildPhase section */
		DAE87BC3283CAB62004A5301 /* Resources */ = {
			isa = PBXResourcesBuildPhase;
			buildActionMask = 2147483647;
			files = (
				DAE87BD5283CAB64004A5301 /* LaunchScreen.storyboard in Resources */,
				DAE87BEE283CB7D1004A5301 /* Quicksand-SemiBold.ttf in Resources */,
				DAE87BD2283CAB64004A5301 /* Assets.xcassets in Resources */,
				DAE87BF0283CB7D6004A5301 /* Quicksand-Light.ttf in Resources */,
				DAE87C10283E50B7004A5301 /* MomentCollectionViewCell.xib in Resources */,
				DAE87BD0283CAB62004A5301 /* Main.storyboard in Resources */,
				DAE87BF9283CEF85004A5301 /* ContactCollectionViewCell.xib in Resources */,
				DAE87C14283E6406004A5301 /* AddMomentCollectionViewCell.xib in Resources */,
				DAE87BED283CB7CE004A5301 /* Quicksand-Regular.ttf in Resources */,
				DAE87BF5283CE4C0004A5301 /* RecentMomentCollectionViewCell.xib in Resources */,
				DAE87C0A283E294A004A5301 /* CustomDateCollectionViewCell.xib in Resources */,
				DAE87BEF283CB7D3004A5301 /* Quicksand-Medium.ttf in Resources */,
				DAE87BF1283CB7D9004A5301 /* Quicksand-Bold.ttf in Resources */,
			);
			runOnlyForDeploymentPostprocessing = 0;
		};
/* End PBXResourcesBuildPhase section */

/* Begin PBXSourcesBuildPhase section */
		DAE87BC1283CAB62004A5301 /* Sources */ = {
			isa = PBXSourcesBuildPhase;
			buildActionMask = 2147483647;
			files = (
				DAE87C13283E6406004A5301 /* AddMomentCollectionViewCell.swift in Sources */,
				DAE87BCD283CAB62004A5301 /* ViewController.swift in Sources */,
				DAE87BF8283CEF85004A5301 /* ContactCollectionViewCell.swift in Sources */,
				DAE87C0F283E50B7004A5301 /* MomentCollectionViewCell.swift in Sources */,
				DAE87C06283E04FA004A5301 /* MomentViewController.swift in Sources */,
				DAE87BC9283CAB62004A5301 /* AppDelegate.swift in Sources */,
				DAE87BCB283CAB62004A5301 /* SceneDelegate.swift in Sources */,
				DAE87BF4283CE4C0004A5301 /* RecentMomentCollectionViewCell.swift in Sources */,
				DAE87C0C283E2C19004A5301 /* customCalenderData.swift in Sources */,
				DAE87C09283E294A004A5301 /* CustomDateCollectionViewCell.swift in Sources */,
			);
			runOnlyForDeploymentPostprocessing = 0;
		};
/* End PBXSourcesBuildPhase section */

/* Begin PBXVariantGroup section */
		DAE87BCE283CAB62004A5301 /* Main.storyboard */ = {
			isa = PBXVariantGroup;
			children = (
				DAE87BCF283CAB62004A5301 /* Base */,
			);
			name = Main.storyboard;
			sourceTree = "<group>";
		};
		DAE87BD3283CAB64004A5301 /* LaunchScreen.storyboard */ = {
			isa = PBXVariantGroup;
			children = (
				DAE87BD4283CAB64004A5301 /* Base */,
			);
			name = LaunchScreen.storyboard;
			sourceTree = "<group>";
		};
/* End PBXVariantGroup section */

/* Begin XCBuildConfiguration section */
		DAE87BD7283CAB64004A5301 /* Debug */ = {
			isa = XCBuildConfiguration;
			buildSettings = {
				ALWAYS_SEARCH_USER_PATHS = NO;
				CLANG_ANALYZER_NONNULL = YES;
				CLANG_ANALYZER_NUMBER_OBJECT_CONVERSION = YES_AGGRESSIVE;
				CLANG_CXX_LANGUAGE_STANDARD = "gnu++17";
				CLANG_ENABLE_MODULES = YES;
				CLANG_ENABLE_OBJC_ARC = YES;
				CLANG_ENABLE_OBJC_WEAK = YES;
				CLANG_WARN_BLOCK_CAPTURE_AUTORELEASING = YES;
				CLANG_WARN_BOOL_CONVERSION = YES;
				CLANG_WARN_COMMA = YES;
				CLANG_WARN_CONSTANT_CONVERSION = YES;
				CLANG_WARN_DEPRECATED_OBJC_IMPLEMENTATIONS = YES;
				CLANG_WARN_DIRECT_OBJC_ISA_USAGE = YES_ERROR;
				CLANG_WARN_DOCUMENTATION_COMMENTS = YES;
				CLANG_WARN_EMPTY_BODY = YES;
				CLANG_WARN_ENUM_CONVERSION = YES;
				CLANG_WARN_INFINITE_RECURSION = YES;
				CLANG_WARN_INT_CONVERSION = YES;
				CLANG_WARN_NON_LITERAL_NULL_CONVERSION = YES;
				CLANG_WARN_OBJC_IMPLICIT_RETAIN_SELF = YES;
				CLANG_WARN_OBJC_LITERAL_CONVERSION = YES;
				CLANG_WARN_OBJC_ROOT_CLASS = YES_ERROR;
				CLANG_WARN_QUOTED_INCLUDE_IN_FRAMEWORK_HEADER = YES;
				CLANG_WARN_RANGE_LOOP_ANALYSIS = YES;
				CLANG_WARN_STRICT_PROTOTYPES = YES;
				CLANG_WARN_SUSPICIOUS_MOVE = YES;
				CLANG_WARN_UNGUARDED_AVAILABILITY = YES_AGGRESSIVE;
				CLANG_WARN_UNREACHABLE_CODE = YES;
				CLANG_WARN__DUPLICATE_METHOD_MATCH = YES;
				COPY_PHASE_STRIP = NO;
				DEBUG_INFORMATION_FORMAT = dwarf;
				ENABLE_STRICT_OBJC_MSGSEND = YES;
				ENABLE_TESTABILITY = YES;
				GCC_C_LANGUAGE_STANDARD = gnu11;
				GCC_DYNAMIC_NO_PIC = NO;
				GCC_NO_COMMON_BLOCKS = YES;
				GCC_OPTIMIZATION_LEVEL = 0;
				GCC_PREPROCESSOR_DEFINITIONS = (
					"DEBUG=1",
					"$(inherited)",
				);
				GCC_WARN_64_TO_32_BIT_CONVERSION = YES;
				GCC_WARN_ABOUT_RETURN_TYPE = YES_ERROR;
				GCC_WARN_UNDECLARED_SELECTOR = YES;
				GCC_WARN_UNINITIALIZED_AUTOS = YES_AGGRESSIVE;
				GCC_WARN_UNUSED_FUNCTION = YES;
				GCC_WARN_UNUSED_VARIABLE = YES;
				IPHONEOS_DEPLOYMENT_TARGET = 15.4;
				MTL_ENABLE_DEBUG_INFO = INCLUDE_SOURCE;
				MTL_FAST_MATH = YES;
				ONLY_ACTIVE_ARCH = YES;
				SDKROOT = iphoneos;
				SWIFT_ACTIVE_COMPILATION_CONDITIONS = DEBUG;
				SWIFT_OPTIMIZATION_LEVEL = "-Onone";
			};
			name = Debug;
		};
		DAE87BD8283CAB64004A5301 /* Release */ = {
			isa = XCBuildConfiguration;
			buildSettings = {
				ALWAYS_SEARCH_USER_PATHS = NO;
				CLANG_ANALYZER_NONNULL = YES;
				CLANG_ANALYZER_NUMBER_OBJECT_CONVERSION = YES_AGGRESSIVE;
				CLANG_CXX_LANGUAGE_STANDARD = "gnu++17";
				CLANG_ENABLE_MODULES = YES;
				CLANG_ENABLE_OBJC_ARC = YES;
				CLANG_ENABLE_OBJC_WEAK = YES;
				CLANG_WARN_BLOCK_CAPTURE_AUTORELEASING = YES;
				CLANG_WARN_BOOL_CONVERSION = YES;
				CLANG_WARN_COMMA = YES;
				CLANG_WARN_CONSTANT_CONVERSION = YES;
				CLANG_WARN_DEPRECATED_OBJC_IMPLEMENTATIONS = YES;
				CLANG_WARN_DIRECT_OBJC_ISA_USAGE = YES_ERROR;
				CLANG_WARN_DOCUMENTATION_COMMENTS = YES;
				CLANG_WARN_EMPTY_BODY = YES;
				CLANG_WARN_ENUM_CONVERSION = YES;
				CLANG_WARN_INFINITE_RECURSION = YES;
				CLANG_WARN_INT_CONVERSION = YES;
				CLANG_WARN_NON_LITERAL_NULL_CONVERSION = YES;
				CLANG_WARN_OBJC_IMPLICIT_RETAIN_SELF = YES;
				CLANG_WARN_OBJC_LITERAL_CONVERSION = YES;
				CLANG_WARN_OBJC_ROOT_CLASS = YES_ERROR;
				CLANG_WARN_QUOTED_INCLUDE_IN_FRAMEWORK_HEADER = YES;
				CLANG_WARN_RANGE_LOOP_ANALYSIS = YES;
				CLANG_WARN_STRICT_PROTOTYPES = YES;
				CLANG_WARN_SUSPICIOUS_MOVE = YES;
				CLANG_WARN_UNGUARDED_AVAILABILITY = YES_AGGRESSIVE;
				CLANG_WARN_UNREACHABLE_CODE = YES;
				CLANG_WARN__DUPLICATE_METHOD_MATCH = YES;
				COPY_PHASE_STRIP = NO;
				DEBUG_INFORMATION_FORMAT = "dwarf-with-dsym";
				ENABLE_NS_ASSERTIONS = NO;
				ENABLE_STRICT_OBJC_MSGSEND = YES;
				GCC_C_LANGUAGE_STANDARD = gnu11;
				GCC_NO_COMMON_BLOCKS = YES;
				GCC_WARN_64_TO_32_BIT_CONVERSION = YES;
				GCC_WARN_ABOUT_RETURN_TYPE = YES_ERROR;
				GCC_WARN_UNDECLARED_SELECTOR = YES;
				GCC_WARN_UNINITIALIZED_AUTOS = YES_AGGRESSIVE;
				GCC_WARN_UNUSED_FUNCTION = YES;
				GCC_WARN_UNUSED_VARIABLE = YES;
				IPHONEOS_DEPLOYMENT_TARGET = 15.4;
				MTL_ENABLE_DEBUG_INFO = NO;
				MTL_FAST_MATH = YES;
				SDKROOT = iphoneos;
				SWIFT_COMPILATION_MODE = wholemodule;
				SWIFT_OPTIMIZATION_LEVEL = "-O";
				VALIDATE_PRODUCT = YES;
			};
			name = Release;
		};
		DAE87BDA283CAB64004A5301 /* Debug */ = {
			isa = XCBuildConfiguration;
			buildSettings = {
				ASSETCATALOG_COMPILER_APPICON_NAME = AppIcon;
				ASSETCATALOG_COMPILER_GLOBAL_ACCENT_COLOR_NAME = AccentColor;
				CODE_SIGN_STYLE = Automatic;
				CURRENT_PROJECT_VERSION = 1;
				DEVELOPMENT_TEAM = KMFCPJR95T;
				GENERATE_INFOPLIST_FILE = YES;
				INFOPLIST_FILE = tobu/Info.plist;
				INFOPLIST_KEY_UIApplicationSupportsIndirectInputEvents = YES;
				INFOPLIST_KEY_UILaunchStoryboardName = LaunchScreen;
				INFOPLIST_KEY_UIMainStoryboardFile = Main;
				INFOPLIST_KEY_UISupportedInterfaceOrientations_iPad = "UIInterfaceOrientationPortrait UIInterfaceOrientationPortraitUpsideDown UIInterfaceOrientationLandscapeLeft UIInterfaceOrientationLandscapeRight";
				INFOPLIST_KEY_UISupportedInterfaceOrientations_iPhone = "UIInterfaceOrientationPortrait UIInterfaceOrientationLandscapeLeft UIInterfaceOrientationLandscapeRight";
				LD_RUNPATH_SEARCH_PATHS = (
					"$(inherited)",
					"@executable_path/Frameworks",
				);
				MARKETING_VERSION = 1.0;
				PRODUCT_BUNDLE_IDENTIFIER = com.mactyagi.tobu;
				PRODUCT_NAME = "$(TARGET_NAME)";
				SWIFT_EMIT_LOC_STRINGS = YES;
				SWIFT_VERSION = 5.0;
				TARGETED_DEVICE_FAMILY = "1,2";
			};
			name = Debug;
		};
		DAE87BDB283CAB64004A5301 /* Release */ = {
			isa = XCBuildConfiguration;
			buildSettings = {
				ASSETCATALOG_COMPILER_APPICON_NAME = AppIcon;
				ASSETCATALOG_COMPILER_GLOBAL_ACCENT_COLOR_NAME = AccentColor;
				CODE_SIGN_STYLE = Automatic;
				CURRENT_PROJECT_VERSION = 1;
				DEVELOPMENT_TEAM = KMFCPJR95T;
				GENERATE_INFOPLIST_FILE = YES;
				INFOPLIST_FILE = tobu/Info.plist;
				INFOPLIST_KEY_UIApplicationSupportsIndirectInputEvents = YES;
				INFOPLIST_KEY_UILaunchStoryboardName = LaunchScreen;
				INFOPLIST_KEY_UIMainStoryboardFile = Main;
				INFOPLIST_KEY_UISupportedInterfaceOrientations_iPad = "UIInterfaceOrientationPortrait UIInterfaceOrientationPortraitUpsideDown UIInterfaceOrientationLandscapeLeft UIInterfaceOrientationLandscapeRight";
				INFOPLIST_KEY_UISupportedInterfaceOrientations_iPhone = "UIInterfaceOrientationPortrait UIInterfaceOrientationLandscapeLeft UIInterfaceOrientationLandscapeRight";
				LD_RUNPATH_SEARCH_PATHS = (
					"$(inherited)",
					"@executable_path/Frameworks",
				);
				MARKETING_VERSION = 1.0;
				PRODUCT_BUNDLE_IDENTIFIER = com.mactyagi.tobu;
				PRODUCT_NAME = "$(TARGET_NAME)";
				SWIFT_EMIT_LOC_STRINGS = YES;
				SWIFT_VERSION = 5.0;
				TARGETED_DEVICE_FAMILY = "1,2";
			};
			name = Release;
		};
/* End XCBuildConfiguration section */

/* Begin XCConfigurationList section */
		DAE87BC0283CAB62004A5301 /* Build configuration list for PBXProject "tobu" */ = {
			isa = XCConfigurationList;
			buildConfigurations = (
				DAE87BD7283CAB64004A5301 /* Debug */,
				DAE87BD8283CAB64004A5301 /* Release */,
			);
			defaultConfigurationIsVisible = 0;
			defaultConfigurationName = Release;
		};
		DAE87BD9283CAB64004A5301 /* Build configuration list for PBXNativeTarget "tobu" */ = {
			isa = XCConfigurationList;
			buildConfigurations = (
				DAE87BDA283CAB64004A5301 /* Debug */,
				DAE87BDB283CAB64004A5301 /* Release */,
			);
			defaultConfigurationIsVisible = 0;
			defaultConfigurationName = Release;
		};
/* End XCConfigurationList section */
	};
	rootObject = DAE87BBD283CAB62004A5301 /* Project object */;
}
